
Microsoft Visual Studio Solution File, Format Version 12.00
# Visual Studio 15
VisualStudioVersion = 15.0.28307.168
MinimumVisualStudioVersion = 10.0.40219.1
Project("{9A19103F-16F7-4668-BE54-9A1E7A4F7556}") = "Lib", "Lib\Lib.csproj", "{64D80D81-7A20-4F76-94E1-272CC1551BF3}"
EndProject
Project("{FAE04EC0-301F-11D3-BF4B-00C04F79EFBC}") = "Client", "Client\Client.csproj", "{47F076F0-F316-4710-9606-CD4C2D5291D9}"
EndProject
Project("{FAE04EC0-301F-11D3-BF4B-00C04F79EFBC}") = "Test", "Test\Test.csproj", "{2848F6F9-72DA-4EF2-94BE-7E0CB7ABB458}"
EndProject
Global
	GlobalSection(SolutionConfigurationPlatforms) = preSolution
		Debug|Any CPU = Debug|Any CPU
		Release|Any CPU = Release|Any CPU
	EndGlobalSection
	GlobalSection(ProjectConfigurationPlatforms) = postSolution
		{64D80D81-7A20-4F76-94E1-272CC1551BF3}.Debug|Any CPU.ActiveCfg = Debug|Any CPU
		{64D80D81-7A20-4F76-94E1-272CC1551BF3}.Debug|Any CPU.Build.0 = Debug|Any CPU
		{64D80D81-7A20-4F76-94E1-272CC1551BF3}.Release|Any CPU.ActiveCfg = Release|Any CPU
		{64D80D81-7A20-4F76-94E1-272CC1551BF3}.Release|Any CPU.Build.0 = Release|Any CPU
		{47F076F0-F316-4710-9606-CD4C2D5291D9}.Debug|Any CPU.ActiveCfg = Debug|Any CPU
		{47F076F0-F316-4710-9606-CD4C2D5291D9}.Debug|Any CPU.Build.0 = Debug|Any CPU
		{47F076F0-F316-4710-9606-CD4C2D5291D9}.Release|Any CPU.ActiveCfg = Release|Any CPU
		{47F076F0-F316-4710-9606-CD4C2D5291D9}.Release|Any CPU.Build.0 = Release|Any CPU
		{2848F6F9-72DA-4EF2-94BE-7E0CB7ABB458}.Debug|Any CPU.ActiveCfg = Debug|Any CPU
		{2848F6F9-72DA-4EF2-94BE-7E0CB7ABB458}.Debug|Any CPU.Build.0 = Debug|Any CPU
		{2848F6F9-72DA-4EF2-94BE-7E0CB7ABB458}.Release|Any CPU.ActiveCfg = Release|Any CPU
		{2848F6F9-72DA-4EF2-94BE-7E0CB7ABB458}.Release|Any CPU.Build.0 = Release|Any CPU
	EndGlobalSection
	GlobalSection(SolutionProperties) = preSolution
		HideSolutionNode = FALSE
	EndGlobalSection
	GlobalSection(ExtensibilityGlobals) = postSolution
		SolutionGuid = {D40136A1-A908-45E7-A731-D50362FB671D}
	EndGlobalSection
EndGlobal
